{
  "name": "smtp-email-verifier",
  "version": "1.0.0",
  "lockfileVersion": 1,
  "requires": true,
  "dependencies": {
    "line-buffer": {
      "version": "0.1.4",
      "resolved": "https://registry.npmjs.org/line-buffer/-/line-buffer-0.1.4.tgz",
      "integrity": "sha1-4H3hgzELYBIv3kszXPZgZUP/sdM="
    },
    "promised-timeout": {
      "version": "0.2.0",
      "resolved": "https://registry.npmjs.org/promised-timeout/-/promised-timeout-0.2.0.tgz",
      "integrity": "sha1-Rer89e2UV+LmDvp3wshg1u8dgW4="
    },
    "smtp-channel": {
      "version": "0.2.2",
      "resolved": "https://registry.npmjs.org/smtp-channel/-/smtp-channel-0.2.2.tgz",
      "integrity": "sha1-W+sbYjmMUXP9fIWJ8P4LAX5bfuw=",
      "requires": {
        "line-buffer": "0.1.4",
        "promised-timeout": "0.2.0"
      }
    },
    "smtp-client": {
      "version": "0.3.1",
      "resolved": "https://registry.npmjs.org/smtp-client/-/smtp-client-0.3.1.tgz",
      "integrity": "sha1-PbR29bH4azc7ebnPeuOzBdyfH6Q=",
      "requires": {
        "promised-timeout": "0.2.0",
        "smtp-channel": "0.2.2"
      }
    }
  }
}
